
Microsoft Visual Studio Solution File, Format Version 12.00
# Visual Studio Version 17
VisualStudioVersion = 17.10.35122.118
MinimumVisualStudioVersion = 10.0.40219.1
Project("{8BC9CEB8-8B4A-11D0-8D11-00A0C91BC942}") = "TowerDefence", "TowerDefence\TowerDefence.vcxproj", "{32E153D4-076B-4955-9B95-D45A75571304}"
EndProject
Global
	GlobalSection(SolutionConfigurationPlatforms) = preSolution
		Debug|x64 = Debug|x64
		Debug|x86 = Debug|x86
		Release|x64 = Release|x64
		Release|x86 = Release|x86
	EndGlobalSection
	GlobalSection(ProjectConfigurationPlatforms) = postSolution
		{32E153D4-076B-4955-9B95-D45A75571304}.Debug|x64.ActiveCfg = Debug|x64
		{32E153D4-076B-4955-9B95-D45A75571304}.Debug|x64.Build.0 = Debug|x64
		{32E153D4-076B-4955-9B95-D45A75571304}.Debug|x86.ActiveCfg = Debug|Win32
		{32E153D4-076B-4955-9B95-D45A75571304}.Debug|x86.Build.0 = Debug|Win32
		{32E153D4-076B-4955-9B95-D45A75571304}.Release|x64.ActiveCfg = Release|x64
		{32E153D4-076B-4955-9B95-D45A75571304}.Release|x64.Build.0 = Release|x64
		{32E153D4-076B-4955-9B95-D45A75571304}.Release|x86.ActiveCfg = Release|Win32
		{32E153D4-076B-4955-9B95-D45A75571304}.Release|x86.Build.0 = Release|Win32
	EndGlobalSection
	GlobalSection(SolutionProperties) = preSolution
		HideSolutionNode = FALSE
	EndGlobalSection
	GlobalSection(ExtensibilityGlobals) = postSolution
		SolutionGuid = {F9D0042D-58ED-4CFD-8103-293EC2A38CFA}
	EndGlobalSection
EndGlobal
