<?xml version="1.0" encoding="utf-8"?>
<Project ToolsVersion="4.0" xmlns="http://schemas.microsoft.com/developer/msbuild/2003">
  <ItemGroup>
    <Filter Include="Файлы ресурсов">
      <UniqueIdentifier>{67DA6AB6-F800-4c08-8B7A-83BB121AAD01}</UniqueIdentifier>
      <Extensions>rc;ico;cur;bmp;dlg;rc2;rct;bin;rgs;gif;jpg;jpeg;jpe;resx;tiff;tif;png;wav;mfcribbon-ms</Extensions>
    </Filter>
    <Filter Include="Towers">
      <UniqueIdentifier>{45211d4f-e1f6-4b2f-8fc4-4c3309ed79be}</UniqueIdentifier>
    </Filter>
    <Filter Include="Enemies">
      <UniqueIdentifier>{a38ff64d-f24c-44a1-9069-63ce085b5d20}</UniqueIdentifier>
    </Filter>
    <Filter Include="Projectiles">
      <UniqueIdentifier>{996f6910-9591-470a-8ec2-028be35a40bf}</UniqueIdentifier>
    </Filter>
    <Filter Include="Basic Classes">
      <UniqueIdentifier>{4FC737F1-C7A5-4376-A066-2A32D752A2FF}</UniqueIdentifier>
      <Extensions>cpp;c;cc;cxx;c++;cppm;ixx;def;odl;idl;hpj;bat;asm;asmx</Extensions>
    </Filter>
    <Filter Include="Utils">
      <UniqueIdentifier>{50ffdcd9-3e61-4863-a362-bbdf0bb285cd}</UniqueIdentifier>
    </Filter>
  </ItemGroup>
  <ItemGroup>
    <ClInclude Include="Projectile.h">
      <Filter>Projectiles</Filter>
    </ClInclude>
    <ClInclude Include="Arrow.h">
      <Filter>Projectiles</Filter>
    </ClInclude>
    <ClInclude Include="Tower.h">
      <Filter>Towers</Filter>
    </ClInclude>
    <ClInclude Include="ArrowTower.h">
      <Filter>Towers</Filter>
    </ClInclude>
    <ClInclude Include="Enemy.h">
      <Filter>Enemies</Filter>
    </ClInclude>
    <ClInclude Include="MSG.h">
      <Filter>Basic Classes</Filter>
    </ClInclude>
    <ClInclude Include="GameObject.h">
      <Filter>Basic Classes</Filter>
    </ClInclude>
    <ClInclude Include="Manager.h">
      <Filter>Basic Classes</Filter>
    </ClInclude>
    <ClInclude Include="VectorMath.h">
      <Filter>Utils</Filter>
    </ClInclude>
  </ItemGroup>
  <ItemGroup>
    <ClCompile Include="GameObject.cpp">
      <Filter>Basic Classes</Filter>
    </ClCompile>
    <ClCompile Include="MSG.cpp">
      <Filter>Basic Classes</Filter>
    </ClCompile>
    <ClCompile Include="Manager.cpp">
      <Filter>Basic Classes</Filter>
    </ClCompile>
    <ClCompile Include="Source.cpp">
      <Filter>Basic Classes</Filter>
    </ClCompile>
    <ClCompile Include="Arrow.cpp">
      <Filter>Projectiles</Filter>
    </ClCompile>
    <ClCompile Include="Projectile.cpp">
      <Filter>Projectiles</Filter>
    </ClCompile>
    <ClCompile Include="Tower.cpp">
      <Filter>Towers</Filter>
    </ClCompile>
    <ClCompile Include="ArrowTower.cpp">
      <Filter>Towers</Filter>
    </ClCompile>
    <ClCompile Include="Enemy.cpp">
      <Filter>Enemies</Filter>
    </ClCompile>
    <ClCompile Include="VectorMath.cpp">
      <Filter>Utils</Filter>
    </ClCompile>
  </ItemGroup>
  <ItemGroup>
    <None Include="packages.config" />
  </ItemGroup>
</Project>